// !$*UTF8*$!
{
	archiveVersion = 1;
	classes = {
	};
	objectVersion = 46;
	objects = {

/* Begin PBXBuildFile section */
		788F617B15D12AA9009D6B17 /* UIAActivityView.h in CopyFiles */ = {isa = PBXBuildFile; fileRef = 788F617315D12987009D6B17 /* UIAActivityView.h */; };
		788F617C15D12AA9009D6B17 /* UIACollectionCell.h in CopyFiles */ = {isa = PBXBuildFile; fileRef = 788F617415D12987009D6B17 /* UIACollectionCell.h */; };
		788F617D15D12AA9009D6B17 /* UIACollectionView.h in CopyFiles */ = {isa = PBXBuildFile; fileRef = 788F617515D12987009D6B17 /* UIACollectionView.h */; };
		788F617E15D12AA9009D6B17 /* UIAElementSynonym.h in CopyFiles */ = {isa = PBXBuildFile; fileRef = 788F617615D12987009D6B17 /* UIAElementSynonym.h */; };
		788F617F15D12AA9009D6B17 /* UIALocalizedValue.h in CopyFiles */ = {isa = PBXBuildFile; fileRef = 788F617715D12988009D6B17 /* UIALocalizedValue.h */; };
		788F618015D12AA9009D6B17 /* UIAMapView.h in CopyFiles */ = {isa = PBXBuildFile; fileRef = 788F617815D12988009D6B17 /* UIAMapView.h */; };
		788F618115D12AA9009D6B17 /* UIARemote.h in CopyFiles */ = {isa = PBXBuildFile; fileRef = 788F617915D12988009D6B17 /* UIARemote.h */; };
		78B19B9E15B5B5E200D9E96E /* Foundation.framework in Frameworks */ = {isa = PBXBuildFile; fileRef = 78B19B9D15B5B5E200D9E96E /* Foundation.framework */; };
		78B19BA315B5B5E200D9E96E /* UIAutomation.h in CopyFiles */ = {isa = PBXBuildFile; fileRef = 78B19BA215B5B5E200D9E96E /* UIAutomation.h */; };
		78B19BAD15B5B5E200D9E96E /* SenTestingKit.framework in Frameworks */ = {isa = PBXBuildFile; fileRef = 78B19BAC15B5B5E200D9E96E /* SenTestingKit.framework */; };
		78B19BB015B5B5E200D9E96E /* Foundation.framework in Frameworks */ = {isa = PBXBuildFile; fileRef = 78B19B9D15B5B5E200D9E96E /* Foundation.framework */; };
		78B19BB315B5B5E200D9E96E /* libUIAutomation.a in Frameworks */ = {isa = PBXBuildFile; fileRef = 78B19B9A15B5B5E200D9E96E /* libUIAutomation.a */; };
		78B19BB915B5B5E200D9E96E /* InfoPlist.strings in Resources */ = {isa = PBXBuildFile; fileRef = 78B19BB715B5B5E200D9E96E /* InfoPlist.strings */; };
		78B19BBC15B5B5E300D9E96E /* UIAutomationTests.m in Sources */ = {isa = PBXBuildFile; fileRef = 78B19BBB15B5B5E300D9E96E /* UIAutomationTests.m */; };
		78B745CE15B964D8008A5276 /* NSArray-UIAExtras.h in CopyFiles */ = {isa = PBXBuildFile; fileRef = 78B7459E15B96271008A5276 /* NSArray-UIAExtras.h */; };
		78B745CF15B964D8008A5276 /* NSValue-UIAutomation.h in CopyFiles */ = {isa = PBXBuildFile; fileRef = 78B745A115B96271008A5276 /* NSValue-UIAutomation.h */; };
		78B745D015B964D8008A5276 /* UIAActionSheet.h in CopyFiles */ = {isa = PBXBuildFile; fileRef = 78B745A215B96271008A5276 /* UIAActionSheet.h */; };
		78B745D115B964D8008A5276 /* UIAActivityIndicator.h in CopyFiles */ = {isa = PBXBuildFile; fileRef = 78B745A315B96271008A5276 /* UIAActivityIndicator.h */; };
		78B745D215B964D8008A5276 /* UIAAlert.h in CopyFiles */ = {isa = PBXBuildFile; fileRef = 78B745A415B96271008A5276 /* UIAAlert.h */; };
		78B745D315B964D8008A5276 /* UIAApplication.h in CopyFiles */ = {isa = PBXBuildFile; fileRef = 78B745A515B96271008A5276 /* UIAApplication.h */; };
		78B745D415B964D8008A5276 /* UIAButton.h in CopyFiles */ = {isa = PBXBuildFile; fileRef = 78B745A615B96271008A5276 /* UIAButton.h */; };
		78B745D515B964D8008A5276 /* UIAEditingMenu.h in CopyFiles */ = {isa = PBXBuildFile; fileRef = 78B745A715B96271008A5276 /* UIAEditingMenu.h */; };
		78B745D615B964D8008A5276 /* UIAElement.h in CopyFiles */ = {isa = PBXBuildFile; fileRef = 78B745A815B96271008A5276 /* UIAElement.h */; };
		78B745D715B964D8008A5276 /* UIAElementArray.h in CopyFiles */ = {isa = PBXBuildFile; fileRef = 78B745A915B96271008A5276 /* UIAElementArray.h */; };
		78B745D815B964D8008A5276 /* UIAElementNil.h in CopyFiles */ = {isa = PBXBuildFile; fileRef = 78B745AA15B96271008A5276 /* UIAElementNil.h */; };
		78B745D915B964D8008A5276 /* UIAHost.h in CopyFiles */ = {isa = PBXBuildFile; fileRef = 78B745AB15B96271008A5276 /* UIAHost.h */; };
		78B745DA15B964D8008A5276 /* UIAImage.h in CopyFiles */ = {isa = PBXBuildFile; fileRef = 78B745AC15B96271008A5276 /* UIAImage.h */; };
		78B745DB15B964D8008A5276 /* UIAKey.h in CopyFiles */ = {isa = PBXBuildFile; fileRef = 78B745AD15B96271008A5276 /* UIAKey.h */; };
		78B745DC15B964D8008A5276 /* UIAKeyboard.h in CopyFiles */ = {isa = PBXBuildFile; fileRef = 78B745AE15B96271008A5276 /* UIAKeyboard.h */; };
		78B745DD15B964D8008A5276 /* UIALink.h in CopyFiles */ = {isa = PBXBuildFile; fileRef = 78B745AF15B96271008A5276 /* UIALink.h */; };
		78B745DE15B964D8008A5276 /* UIANavigationBar.h in CopyFiles */ = {isa = PBXBuildFile; fileRef = 78B745B015B96271008A5276 /* UIANavigationBar.h */; };
		78B745DF15B964D8008A5276 /* UIAPageIndicator.h in CopyFiles */ = {isa = PBXBuildFile; fileRef = 78B745B115B96271008A5276 /* UIAPageIndicator.h */; };
		78B745E015B964D8008A5276 /* UIAPicker.h in CopyFiles */ = {isa = PBXBuildFile; fileRef = 78B745B215B96271008A5276 /* UIAPicker.h */; };
		78B745E115B964D8008A5276 /* UIAPickerWheel.h in CopyFiles */ = {isa = PBXBuildFile; fileRef = 78B745B315B96271008A5276 /* UIAPickerWheel.h */; };
		78B745E215B964D8008A5276 /* UIAPopover.h in CopyFiles */ = {isa = PBXBuildFile; fileRef = 78B745B415B96271008A5276 /* UIAPopover.h */; };
		78B745E315B964D8008A5276 /* UIAProgressIndicator.h in CopyFiles */ = {isa = PBXBuildFile; fileRef = 78B745B515B96271008A5276 /* UIAProgressIndicator.h */; };
		78B745E415B964D8008A5276 /* UIARecorder.h in CopyFiles */ = {isa = PBXBuildFile; fileRef = 78B745B615B96271008A5276 /* UIARecorder.h */; };
		78B745E515B964D8008A5276 /* UIARecorderAction.h in CopyFiles */ = {isa = PBXBuildFile; fileRef = 78B745B715B96271008A5276 /* UIARecorderAction.h */; };
		78B745E615B964D8008A5276 /* UIAScreen.h in CopyFiles */ = {isa = PBXBuildFile; fileRef = 78B745B815B96271008A5276 /* UIAScreen.h */; };
		78B745E715B964D8008A5276 /* UIAScrollView.h in CopyFiles */ = {isa = PBXBuildFile; fileRef = 78B745B915B96271008A5276 /* UIAScrollView.h */; };
		78B745E815B964D8008A5276 /* UIASearchBar.h in CopyFiles */ = {isa = PBXBuildFile; fileRef = 78B745BA15B96271008A5276 /* UIASearchBar.h */; };
		78B745E915B964D8008A5276 /* UIASecureTextField.h in CopyFiles */ = {isa = PBXBuildFile; fileRef = 78B745BB15B96271008A5276 /* UIASecureTextField.h */; };
		78B745EA15B964D8008A5276 /* UIASegmentedControl.h in CopyFiles */ = {isa = PBXBuildFile; fileRef = 78B745BC15B96271008A5276 /* UIASegmentedControl.h */; };
		78B745EB15B964D8008A5276 /* UIASlider.h in CopyFiles */ = {isa = PBXBuildFile; fileRef = 78B745BD15B96271008A5276 /* UIASlider.h */; };
		78B745EC15B964D8008A5276 /* UIAStaticText.h in CopyFiles */ = {isa = PBXBuildFile; fileRef = 78B745BE15B96271008A5276 /* UIAStaticText.h */; };
		78B745ED15B964D8008A5276 /* UIAStatusBar.h in CopyFiles */ = {isa = PBXBuildFile; fileRef = 78B745BF15B96271008A5276 /* UIAStatusBar.h */; };
		78B745EE15B964D8008A5276 /* UIASwitch.h in CopyFiles */ = {isa = PBXBuildFile; fileRef = 78B745C015B96271008A5276 /* UIASwitch.h */; };
		78B745EF15B964D8008A5276 /* UIASyntheticEvents.h in CopyFiles */ = {isa = PBXBuildFile; fileRef = 78B745C115B96271008A5276 /* UIASyntheticEvents.h */; };
		78B745F015B964D8008A5276 /* UIATabBar.h in CopyFiles */ = {isa = PBXBuildFile; fileRef = 78B745C215B96271008A5276 /* UIATabBar.h */; };
		78B745F115B964D8008A5276 /* UIATableCell.h in CopyFiles */ = {isa = PBXBuildFile; fileRef = 78B745C315B96271008A5276 /* UIATableCell.h */; };
		78B745F215B964D8008A5276 /* UIATableGroup.h in CopyFiles */ = {isa = PBXBuildFile; fileRef = 78B745C415B96271008A5276 /* UIATableGroup.h */; };
		78B745F315B964D8008A5276 /* UIATableView.h in CopyFiles */ = {isa = PBXBuildFile; fileRef = 78B745C515B96271008A5276 /* UIATableView.h */; };
		78B745F415B964D8008A5276 /* UIATarget.h in CopyFiles */ = {isa = PBXBuildFile; fileRef = 78B745C615B96271008A5276 /* UIATarget.h */; };
		78B745F515B964D8008A5276 /* UIATextField.h in CopyFiles */ = {isa = PBXBuildFile; fileRef = 78B745C715B96271008A5276 /* UIATextField.h */; };
		78B745F615B964D8008A5276 /* UIATextView.h in CopyFiles */ = {isa = PBXBuildFile; fileRef = 78B745C815B96271008A5276 /* UIATextView.h */; };
		78B745F715B964D8008A5276 /* UIAToolbar.h in CopyFiles */ = {isa = PBXBuildFile; fileRef = 78B745C915B96271008A5276 /* UIAToolbar.h */; };
		78B745F815B964D8008A5276 /* UIAWebView.h in CopyFiles */ = {isa = PBXBuildFile; fileRef = 78B745CA15B96271008A5276 /* UIAWebView.h */; };
		78B745F915B964D8008A5276 /* UIAWindow.h in CopyFiles */ = {isa = PBXBuildFile; fileRef = 78B745CB15B96271008A5276 /* UIAWindow.h */; };
		78B745FA15B964D8008A5276 /* UIAXElement-Protocol.h in CopyFiles */ = {isa = PBXBuildFile; fileRef = 78B745CC15B96271008A5276 /* UIAXElement-Protocol.h */; };
		78B745FB15B964D8008A5276 /* UIAXElement.h in CopyFiles */ = {isa = PBXBuildFile; fileRef = 78B745CD15B96271008A5276 /* UIAXElement.h */; };
		78B745FD15B97BE8008A5276 /* UIAutomation.m in Sources */ = {isa = PBXBuildFile; fileRef = 78B745FC15B97BE7008A5276 /* UIAutomation.m */; };
		78B7463115B9B5CF008A5276 /* Versioning.m in Sources */ = {isa = PBXBuildFile; fileRef = 78B7463015B9B5CF008A5276 /* Versioning.m */; };
		78B7463215B9B6BE008A5276 /* Versioning.h in CopyFiles */ = {isa = PBXBuildFile; fileRef = 78B7462F15B9B5CF008A5276 /* Versioning.h */; };
		78E452D215CA8EA700E8F653 /* Foundation.framework in Frameworks */ = {isa = PBXBuildFile; fileRef = 78B19B9D15B5B5E200D9E96E /* Foundation.framework */; };
		78E452D415CA8EA700E8F653 /* CoreGraphics.framework in Frameworks */ = {isa = PBXBuildFile; fileRef = 78E452D315CA8EA700E8F653 /* CoreGraphics.framework */; };
		78E452DA15CA8EA700E8F653 /* InfoPlist.strings in Resources */ = {isa = PBXBuildFile; fileRef = 78E452D815CA8EA700E8F653 /* InfoPlist.strings */; };
		78E452DC15CA8EA700E8F653 /* main.m in Sources */ = {isa = PBXBuildFile; fileRef = 78E452DB15CA8EA700E8F653 /* main.m */; };
		78E452E015CA8EA700E8F653 /* AppDelegate.m in Sources */ = {isa = PBXBuildFile; fileRef = 78E452DF15CA8EA700E8F653 /* AppDelegate.m */; };
		78E452E815CA965700E8F653 /* UIKit.framework in Frameworks */ = {isa = PBXBuildFile; fileRef = 78E452E715CA965700E8F653 /* UIKit.framework */; };
		78E452E915CA96D300E8F653 /* UIKit.framework in Frameworks */ = {isa = PBXBuildFile; fileRef = 78E452E715CA965700E8F653 /* UIKit.framework */; };
		78E452EA15CA977E00E8F653 /* CoreGraphics.framework in Frameworks */ = {isa = PBXBuildFile; fileRef = 78E452D315CA8EA700E8F653 /* CoreGraphics.framework */; };
/* End PBXBuildFile section */

/* Begin PBXContainerItemProxy section */
		78B19BB115B5B5E200D9E96E /* PBXContainerItemProxy */ = {
			isa = PBXContainerItemProxy;
			containerPortal = 78B19B9115B5B5E200D9E96E /* Project object */;
			proxyType = 1;
			remoteGlobalIDString = 78B19B9915B5B5E200D9E96E;
			remoteInfo = UIAutomation;
		};
		78E452E515CA8FA700E8F653 /* PBXContainerItemProxy */ = {
			isa = PBXContainerItemProxy;
			containerPortal = 78B19B9115B5B5E200D9E96E /* Project object */;
			proxyType = 1;
			remoteGlobalIDString = 78E452CE15CA8EA700E8F653;
			remoteInfo = UIAutomationTestsApp;
		};
/* End PBXContainerItemProxy section */

/* Begin PBXCopyFilesBuildPhase section */
		78B19B9815B5B5E200D9E96E /* CopyFiles */ = {
			isa = PBXCopyFilesBuildPhase;
			buildActionMask = 2147483647;
			dstPath = "include/${PRODUCT_NAME}";
			dstSubfolderSpec = 16;
			files = (
				78B19BA315B5B5E200D9E96E /* UIAutomation.h in CopyFiles */,
				78B745CE15B964D8008A5276 /* NSArray-UIAExtras.h in CopyFiles */,
				78B745CF15B964D8008A5276 /* NSValue-UIAutomation.h in CopyFiles */,
				78B745D015B964D8008A5276 /* UIAActionSheet.h in CopyFiles */,
				78B745D115B964D8008A5276 /* UIAActivityIndicator.h in CopyFiles */,
				78B745D215B964D8008A5276 /* UIAAlert.h in CopyFiles */,
				78B745D315B964D8008A5276 /* UIAApplication.h in CopyFiles */,
				78B745D415B964D8008A5276 /* UIAButton.h in CopyFiles */,
				78B745D515B964D8008A5276 /* UIAEditingMenu.h in CopyFiles */,
				78B745D615B964D8008A5276 /* UIAElement.h in CopyFiles */,
				78B745D715B964D8008A5276 /* UIAElementArray.h in CopyFiles */,
				78B745D815B964D8008A5276 /* UIAElementNil.h in CopyFiles */,
				78B745D915B964D8008A5276 /* UIAHost.h in CopyFiles */,
				78B745DA15B964D8008A5276 /* UIAImage.h in CopyFiles */,
				78B745DB15B964D8008A5276 /* UIAKey.h in CopyFiles */,
				78B745DC15B964D8008A5276 /* UIAKeyboard.h in CopyFiles */,
				78B745DD15B964D8008A5276 /* UIALink.h in CopyFiles */,
				78B745DE15B964D8008A5276 /* UIANavigationBar.h in CopyFiles */,
				78B745DF15B964D8008A5276 /* UIAPageIndicator.h in CopyFiles */,
				78B745E015B964D8008A5276 /* UIAPicker.h in CopyFiles */,
				78B745E115B964D8008A5276 /* UIAPickerWheel.h in CopyFiles */,
				78B745E215B964D8008A5276 /* UIAPopover.h in CopyFiles */,
				78B745E315B964D8008A5276 /* UIAProgressIndicator.h in CopyFiles */,
				78B745E415B964D8008A5276 /* UIARecorder.h in CopyFiles */,
				78B745E515B964D8008A5276 /* UIARecorderAction.h in CopyFiles */,
				78B745E615B964D8008A5276 /* UIAScreen.h in CopyFiles */,
				78B745E715B964D8008A5276 /* UIAScrollView.h in CopyFiles */,
				78B745E815B964D8008A5276 /* UIASearchBar.h in CopyFiles */,
				78B745E915B964D8008A5276 /* UIASecureTextField.h in CopyFiles */,
				78B745EA15B964D8008A5276 /* UIASegmentedControl.h in CopyFiles */,
				78B745EB15B964D8008A5276 /* UIASlider.h in CopyFiles */,
				78B745EC15B964D8008A5276 /* UIAStaticText.h in CopyFiles */,
				78B745ED15B964D8008A5276 /* UIAStatusBar.h in CopyFiles */,
				78B745EE15B964D8008A5276 /* UIASwitch.h in CopyFiles */,
				78B745EF15B964D8008A5276 /* UIASyntheticEvents.h in CopyFiles */,
				78B745F015B964D8008A5276 /* UIATabBar.h in CopyFiles */,
				78B745F115B964D8008A5276 /* UIATableCell.h in CopyFiles */,
				78B745F215B964D8008A5276 /* UIATableGroup.h in CopyFiles */,
				78B745F315B964D8008A5276 /* UIATableView.h in CopyFiles */,
				78B745F415B964D8008A5276 /* UIATarget.h in CopyFiles */,
				78B745F515B964D8008A5276 /* UIATextField.h in CopyFiles */,
				78B745F615B964D8008A5276 /* UIATextView.h in CopyFiles */,
				78B745F715B964D8008A5276 /* UIAToolbar.h in CopyFiles */,
				78B745F815B964D8008A5276 /* UIAWebView.h in CopyFiles */,
				78B745F915B964D8008A5276 /* UIAWindow.h in CopyFiles */,
				78B745FA15B964D8008A5276 /* UIAXElement-Protocol.h in CopyFiles */,
				78B745FB15B964D8008A5276 /* UIAXElement.h in CopyFiles */,
				788F617B15D12AA9009D6B17 /* UIAActivityView.h in CopyFiles */,
				788F617C15D12AA9009D6B17 /* UIACollectionCell.h in CopyFiles */,
				788F617D15D12AA9009D6B17 /* UIACollectionView.h in CopyFiles */,
				788F617E15D12AA9009D6B17 /* UIAElementSynonym.h in CopyFiles */,
				788F617F15D12AA9009D6B17 /* UIALocalizedValue.h in CopyFiles */,
				788F618015D12AA9009D6B17 /* UIAMapView.h in CopyFiles */,
				788F618115D12AA9009D6B17 /* UIARemote.h in CopyFiles */,
				78B7463215B9B6BE008A5276 /* Versioning.h in CopyFiles */,
			);
			runOnlyForDeploymentPostprocessing = 0;
		};
/* End PBXCopyFilesBuildPhase section */

/* Begin PBXFileReference section */
		788F617315D12987009D6B17 /* UIAActivityView.h */ = {isa = PBXFileReference; fileEncoding = 4; lastKnownFileType = sourcecode.c.h; path = UIAActivityView.h; sourceTree = "<group>"; };
		788F617415D12987009D6B17 /* UIACollectionCell.h */ = {isa = PBXFileReference; fileEncoding = 4; lastKnownFileType = sourcecode.c.h; path = UIACollectionCell.h; sourceTree = "<group>"; };
		788F617515D12987009D6B17 /* UIACollectionView.h */ = {isa = PBXFileReference; fileEncoding = 4; lastKnownFileType = sourcecode.c.h; path = UIACollectionView.h; sourceTree = "<group>"; };
		788F617615D12987009D6B17 /* UIAElementSynonym.h */ = {isa = PBXFileReference; fileEncoding = 4; lastKnownFileType = sourcecode.c.h; path = UIAElementSynonym.h; sourceTree = "<group>"; };
		788F617715D12988009D6B17 /* UIALocalizedValue.h */ = {isa = PBXFileReference; fileEncoding = 4; lastKnownFileType = sourcecode.c.h; path = UIALocalizedValue.h; sourceTree = "<group>"; };
		788F617815D12988009D6B17 /* UIAMapView.h */ = {isa = PBXFileReference; fileEncoding = 4; lastKnownFileType = sourcecode.c.h; path = UIAMapView.h; sourceTree = "<group>"; };
		788F617915D12988009D6B17 /* UIARemote.h */ = {isa = PBXFileReference; fileEncoding = 4; lastKnownFileType = sourcecode.c.h; path = UIARemote.h; sourceTree = "<group>"; };
		78B19B9A15B5B5E200D9E96E /* libUIAutomation.a */ = {isa = PBXFileReference; explicitFileType = archive.ar; includeInIndex = 0; path = libUIAutomation.a; sourceTree = BUILT_PRODUCTS_DIR; };
		78B19B9D15B5B5E200D9E96E /* Foundation.framework */ = {isa = PBXFileReference; lastKnownFileType = wrapper.framework; name = Foundation.framework; path = System/Library/Frameworks/Foundation.framework; sourceTree = SDKROOT; };
		78B19BA115B5B5E200D9E96E /* UIAutomation-Prefix.pch */ = {isa = PBXFileReference; lastKnownFileType = sourcecode.c.h; path = "UIAutomation-Prefix.pch"; sourceTree = "<group>"; };
		78B19BA215B5B5E200D9E96E /* UIAutomation.h */ = {isa = PBXFileReference; lastKnownFileType = sourcecode.c.h; path = UIAutomation.h; sourceTree = "<group>"; };
		78B19BAB15B5B5E200D9E96E /* UIAutomationTests.octest */ = {isa = PBXFileReference; explicitFileType = wrapper.cfbundle; includeInIndex = 0; path = UIAutomationTests.octest; sourceTree = BUILT_PRODUCTS_DIR; };
		78B19BAC15B5B5E200D9E96E /* SenTestingKit.framework */ = {isa = PBXFileReference; lastKnownFileType = wrapper.framework; name = SenTestingKit.framework; path = Library/Frameworks/SenTestingKit.framework; sourceTree = DEVELOPER_DIR; };
		78B19BB615B5B5E200D9E96E /* UIAutomationTests-Info.plist */ = {isa = PBXFileReference; lastKnownFileType = text.plist.xml; path = "UIAutomationTests-Info.plist"; sourceTree = "<group>"; };
		78B19BB815B5B5E200D9E96E /* en */ = {isa = PBXFileReference; lastKnownFileType = text.plist.strings; name = en; path = en.lproj/InfoPlist.strings; sourceTree = "<group>"; };
		78B19BBA15B5B5E300D9E96E /* UIAutomationTests.h */ = {isa = PBXFileReference; lastKnownFileType = sourcecode.c.h; path = UIAutomationTests.h; sourceTree = "<group>"; };
		78B19BBB15B5B5E300D9E96E /* UIAutomationTests.m */ = {isa = PBXFileReference; lastKnownFileType = sourcecode.c.objc; path = UIAutomationTests.m; sourceTree = "<group>"; };
		78B7459E15B96271008A5276 /* NSArray-UIAExtras.h */ = {isa = PBXFileReference; fileEncoding = 4; lastKnownFileType = sourcecode.c.h; path = "NSArray-UIAExtras.h"; sourceTree = "<group>"; };
		78B745A115B96271008A5276 /* NSValue-UIAutomation.h */ = {isa = PBXFileReference; fileEncoding = 4; lastKnownFileType = sourcecode.c.h; path = "NSValue-UIAutomation.h"; sourceTree = "<group>"; };
		78B745A215B96271008A5276 /* UIAActionSheet.h */ = {isa = PBXFileReference; fileEncoding = 4; lastKnownFileType = sourcecode.c.h; path = UIAActionSheet.h; sourceTree = "<group>"; };
		78B745A315B96271008A5276 /* UIAActivityIndicator.h */ = {isa = PBXFileReference; fileEncoding = 4; lastKnownFileType = sourcecode.c.h; path = UIAActivityIndicator.h; sourceTree = "<group>"; };
		78B745A415B96271008A5276 /* UIAAlert.h */ = {isa = PBXFileReference; fileEncoding = 4; lastKnownFileType = sourcecode.c.h; path = UIAAlert.h; sourceTree = "<group>"; };
		78B745A515B96271008A5276 /* UIAApplication.h */ = {isa = PBXFileReference; fileEncoding = 4; lastKnownFileType = sourcecode.c.h; path = UIAApplication.h; sourceTree = "<group>"; };
		78B745A615B96271008A5276 /* UIAButton.h */ = {isa = PBXFileReference; fileEncoding = 4; lastKnownFileType = sourcecode.c.h; path = UIAButton.h; sourceTree = "<group>"; };
		78B745A715B96271008A5276 /* UIAEditingMenu.h */ = {isa = PBXFileReference; fileEncoding = 4; lastKnownFileType = sourcecode.c.h; path = UIAEditingMenu.h; sourceTree = "<group>"; };
		78B745A815B96271008A5276 /* UIAElement.h */ = {isa = PBXFileReference; fileEncoding = 4; lastKnownFileType = sourcecode.c.h; path = UIAElement.h; sourceTree = "<group>"; };
		78B745A915B96271008A5276 /* UIAElementArray.h */ = {isa = PBXFileReference; fileEncoding = 4; lastKnownFileType = sourcecode.c.h; path = UIAElementArray.h; sourceTree = "<group>"; };
		78B745AA15B96271008A5276 /* UIAElementNil.h */ = {isa = PBXFileReference; fileEncoding = 4; lastKnownFileType = sourcecode.c.h; path = UIAElementNil.h; sourceTree = "<group>"; };
		78B745AB15B96271008A5276 /* UIAHost.h */ = {isa = PBXFileReference; fileEncoding = 4; lastKnownFileType = sourcecode.c.h; path = UIAHost.h; sourceTree = "<group>"; };
		78B745AC15B96271008A5276 /* UIAImage.h */ = {isa = PBXFileReference; fileEncoding = 4; lastKnownFileType = sourcecode.c.h; path = UIAImage.h; sourceTree = "<group>"; };
		78B745AD15B96271008A5276 /* UIAKey.h */ = {isa = PBXFileReference; fileEncoding = 4; lastKnownFileType = sourcecode.c.h; path = UIAKey.h; sourceTree = "<group>"; };
		78B745AE15B96271008A5276 /* UIAKeyboard.h */ = {isa = PBXFileReference; fileEncoding = 4; lastKnownFileType = sourcecode.c.h; path = UIAKeyboard.h; sourceTree = "<group>"; };
		78B745AF15B96271008A5276 /* UIALink.h */ = {isa = PBXFileReference; fileEncoding = 4; lastKnownFileType = sourcecode.c.h; path = UIALink.h; sourceTree = "<group>"; };
		78B745B015B96271008A5276 /* UIANavigationBar.h */ = {isa = PBXFileReference; fileEncoding = 4; lastKnownFileType = sourcecode.c.h; path = UIANavigationBar.h; sourceTree = "<group>"; };
		78B745B115B96271008A5276 /* UIAPageIndicator.h */ = {isa = PBXFileReference; fileEncoding = 4; lastKnownFileType = sourcecode.c.h; path = UIAPageIndicator.h; sourceTree = "<group>"; };
		78B745B215B96271008A5276 /* UIAPicker.h */ = {isa = PBXFileReference; fileEncoding = 4; lastKnownFileType = sourcecode.c.h; path = UIAPicker.h; sourceTree = "<group>"; };
		78B745B315B96271008A5276 /* UIAPickerWheel.h */ = {isa = PBXFileReference; fileEncoding = 4; lastKnownFileType = sourcecode.c.h; path = UIAPickerWheel.h; sourceTree = "<group>"; };
		78B745B415B96271008A5276 /* UIAPopover.h */ = {isa = PBXFileReference; fileEncoding = 4; lastKnownFileType = sourcecode.c.h; path = UIAPopover.h; sourceTree = "<group>"; };
		78B745B515B96271008A5276 /* UIAProgressIndicator.h */ = {isa = PBXFileReference; fileEncoding = 4; lastKnownFileType = sourcecode.c.h; path = UIAProgressIndicator.h; sourceTree = "<group>"; };
		78B745B615B96271008A5276 /* UIARecorder.h */ = {isa = PBXFileReference; fileEncoding = 4; lastKnownFileType = sourcecode.c.h; path = UIARecorder.h; sourceTree = "<group>"; };
		78B745B715B96271008A5276 /* UIARecorderAction.h */ = {isa = PBXFileReference; fileEncoding = 4; lastKnownFileType = sourcecode.c.h; path = UIARecorderAction.h; sourceTree = "<group>"; };
		78B745B815B96271008A5276 /* UIAScreen.h */ = {isa = PBXFileReference; fileEncoding = 4; lastKnownFileType = sourcecode.c.h; path = UIAScreen.h; sourceTree = "<group>"; };
		78B745B915B96271008A5276 /* UIAScrollView.h */ = {isa = PBXFileReference; fileEncoding = 4; lastKnownFileType = sourcecode.c.h; path = UIAScrollView.h; sourceTree = "<group>"; };
		78B745BA15B96271008A5276 /* UIASearchBar.h */ = {isa = PBXFileReference; fileEncoding = 4; lastKnownFileType = sourcecode.c.h; path = UIASearchBar.h; sourceTree = "<group>"; };
		78B745BB15B96271008A5276 /* UIASecureTextField.h */ = {isa = PBXFileReference; fileEncoding = 4; lastKnownFileType = sourcecode.c.h; path = UIASecureTextField.h; sourceTree = "<group>"; };
		78B745BC15B96271008A5276 /* UIASegmentedControl.h */ = {isa = PBXFileReference; fileEncoding = 4; lastKnownFileType = sourcecode.c.h; path = UIASegmentedControl.h; sourceTree = "<group>"; };
		78B745BD15B96271008A5276 /* UIASlider.h */ = {isa = PBXFileReference; fileEncoding = 4; lastKnownFileType = sourcecode.c.h; path = UIASlider.h; sourceTree = "<group>"; };
		78B745BE15B96271008A5276 /* UIAStaticText.h */ = {isa = PBXFileReference; fileEncoding = 4; lastKnownFileType = sourcecode.c.h; path = UIAStaticText.h; sourceTree = "<group>"; };
		78B745BF15B96271008A5276 /* UIAStatusBar.h */ = {isa = PBXFileReference; fileEncoding = 4; lastKnownFileType = sourcecode.c.h; path = UIAStatusBar.h; sourceTree = "<group>"; };
		78B745C015B96271008A5276 /* UIASwitch.h */ = {isa = PBXFileReference; fileEncoding = 4; lastKnownFileType = sourcecode.c.h; path = UIASwitch.h; sourceTree = "<group>"; };
		78B745C115B96271008A5276 /* UIASyntheticEvents.h */ = {isa = PBXFileReference; fileEncoding = 4; lastKnownFileType = sourcecode.c.h; path = UIASyntheticEvents.h; sourceTree = "<group>"; };
		78B745C215B96271008A5276 /* UIATabBar.h */ = {isa = PBXFileReference; fileEncoding = 4; lastKnownFileType = sourcecode.c.h; path = UIATabBar.h; sourceTree = "<group>"; };
		78B745C315B96271008A5276 /* UIATableCell.h */ = {isa = PBXFileReference; fileEncoding = 4; lastKnownFileType = sourcecode.c.h; path = UIATableCell.h; sourceTree = "<group>"; };
		78B745C415B96271008A5276 /* UIATableGroup.h */ = {isa = PBXFileReference; fileEncoding = 4; lastKnownFileType = sourcecode.c.h; path = UIATableGroup.h; sourceTree = "<group>"; };
		78B745C515B96271008A5276 /* UIATableView.h */ = {isa = PBXFileReference; fileEncoding = 4; lastKnownFileType = sourcecode.c.h; path = UIATableView.h; sourceTree = "<group>"; };
		78B745C615B96271008A5276 /* UIATarget.h */ = {isa = PBXFileReference; fileEncoding = 4; lastKnownFileType = sourcecode.c.h; path = UIATarget.h; sourceTree = "<group>"; };
		78B745C715B96271008A5276 /* UIATextField.h */ = {isa = PBXFileReference; fileEncoding = 4; lastKnownFileType = sourcecode.c.h; path = UIATextField.h; sourceTree = "<group>"; };
		78B745C815B96271008A5276 /* UIATextView.h */ = {isa = PBXFileReference; fileEncoding = 4; lastKnownFileType = sourcecode.c.h; path = UIATextView.h; sourceTree = "<group>"; };
		78B745C915B96271008A5276 /* UIAToolbar.h */ = {isa = PBXFileReference; fileEncoding = 4; lastKnownFileType = sourcecode.c.h; path = UIAToolbar.h; sourceTree = "<group>"; };
		78B745CA15B96271008A5276 /* UIAWebView.h */ = {isa = PBXFileReference; fileEncoding = 4; lastKnownFileType = sourcecode.c.h; path = UIAWebView.h; sourceTree = "<group>"; };
		78B745CB15B96271008A5276 /* UIAWindow.h */ = {isa = PBXFileReference; fileEncoding = 4; lastKnownFileType = sourcecode.c.h; path = UIAWindow.h; sourceTree = "<group>"; };
		78B745CC15B96271008A5276 /* UIAXElement-Protocol.h */ = {isa = PBXFileReference; fileEncoding = 4; lastKnownFileType = sourcecode.c.h; path = "UIAXElement-Protocol.h"; sourceTree = "<group>"; };
		78B745CD15B96271008A5276 /* UIAXElement.h */ = {isa = PBXFileReference; fileEncoding = 4; lastKnownFileType = sourcecode.c.h; path = UIAXElement.h; sourceTree = "<group>"; };
		78B745FC15B97BE7008A5276 /* UIAutomation.m */ = {isa = PBXFileReference; fileEncoding = 4; lastKnownFileType = sourcecode.c.objc; path = UIAutomation.m; sourceTree = "<group>"; };
		78B7462F15B9B5CF008A5276 /* Versioning.h */ = {isa = PBXFileReference; fileEncoding = 4; lastKnownFileType = sourcecode.c.h; path = Versioning.h; sourceTree = "<group>"; };
		78B7463015B9B5CF008A5276 /* Versioning.m */ = {isa = PBXFileReference; fileEncoding = 4; lastKnownFileType = sourcecode.c.objc; path = Versioning.m; sourceTree = "<group>"; };
		78E452CF15CA8EA700E8F653 /* UIAutomationTestsApp.app */ = {isa = PBXFileReference; explicitFileType = wrapper.application; includeInIndex = 0; path = UIAutomationTestsApp.app; sourceTree = BUILT_PRODUCTS_DIR; };
		78E452D315CA8EA700E8F653 /* CoreGraphics.framework */ = {isa = PBXFileReference; lastKnownFileType = wrapper.framework; name = CoreGraphics.framework; path = System/Library/Frameworks/CoreGraphics.framework; sourceTree = SDKROOT; };
		78E452D715CA8EA700E8F653 /* UIAutomationTestsApp-Info.plist */ = {isa = PBXFileReference; lastKnownFileType = text.plist.xml; path = "UIAutomationTestsApp-Info.plist"; sourceTree = "<group>"; };
		78E452D915CA8EA700E8F653 /* en */ = {isa = PBXFileReference; lastKnownFileType = text.plist.strings; name = en; path = en.lproj/InfoPlist.strings; sourceTree = "<group>"; };
		78E452DB15CA8EA700E8F653 /* main.m */ = {isa = PBXFileReference; lastKnownFileType = sourcecode.c.objc; path = main.m; sourceTree = "<group>"; };
		78E452DD15CA8EA700E8F653 /* UIAutomationTestsApp-Prefix.pch */ = {isa = PBXFileReference; lastKnownFileType = sourcecode.c.h; path = "UIAutomationTestsApp-Prefix.pch"; sourceTree = "<group>"; };
		78E452DE15CA8EA700E8F653 /* AppDelegate.h */ = {isa = PBXFileReference; lastKnownFileType = sourcecode.c.h; path = AppDelegate.h; sourceTree = "<group>"; };
		78E452DF15CA8EA700E8F653 /* AppDelegate.m */ = {isa = PBXFileReference; lastKnownFileType = sourcecode.c.objc; path = AppDelegate.m; sourceTree = "<group>"; };
		78E452E715CA965700E8F653 /* UIKit.framework */ = {isa = PBXFileReference; lastKnownFileType = wrapper.framework; name = UIKit.framework; path = System/Library/Frameworks/UIKit.framework; sourceTree = SDKROOT; };
/* End PBXFileReference section */

/* Begin PBXFrameworksBuildPhase section */
		78B19B9715B5B5E200D9E96E /* Frameworks */ = {
			isa = PBXFrameworksBuildPhase;
			buildActionMask = 2147483647;
			files = (
				78B19B9E15B5B5E200D9E96E /* Foundation.framework in Frameworks */,
			);
			runOnlyForDeploymentPostprocessing = 0;
		};
		78B19BA715B5B5E200D9E96E /* Frameworks */ = {
			isa = PBXFrameworksBuildPhase;
			buildActionMask = 2147483647;
			files = (
				78E452EA15CA977E00E8F653 /* CoreGraphics.framework in Frameworks */,
				78E452E815CA965700E8F653 /* UIKit.framework in Frameworks */,
				78B19BAD15B5B5E200D9E96E /* SenTestingKit.framework in Frameworks */,
				78B19BB015B5B5E200D9E96E /* Foundation.framework in Frameworks */,
				78B19BB315B5B5E200D9E96E /* libUIAutomation.a in Frameworks */,
			);
			runOnlyForDeploymentPostprocessing = 0;
		};
		78E452CC15CA8EA700E8F653 /* Frameworks */ = {
			isa = PBXFrameworksBuildPhase;
			buildActionMask = 2147483647;
			files = (
				78E452E915CA96D300E8F653 /* UIKit.framework in Frameworks */,
				78E452D215CA8EA700E8F653 /* Foundation.framework in Frameworks */,
				78E452D415CA8EA700E8F653 /* CoreGraphics.framework in Frameworks */,
			);
			runOnlyForDeploymentPostprocessing = 0;
		};
/* End PBXFrameworksBuildPhase section */

/* Begin PBXGroup section */
		78B19B8F15B5B5E200D9E96E = {
			isa = PBXGroup;
			children = (
				78B19B9F15B5B5E200D9E96E /* UIAutomation */,
				78B19BB415B5B5E200D9E96E /* UIAutomationTests */,
				78E452D515CA8EA700E8F653 /* UIAutomationTestsApp */,
				78B19B9C15B5B5E200D9E96E /* Frameworks */,
				78B19B9B15B5B5E200D9E96E /* Products */,
			);
			sourceTree = "<group>";
		};
		78B19B9B15B5B5E200D9E96E /* Products */ = {
			isa = PBXGroup;
			children = (
				78B19B9A15B5B5E200D9E96E /* libUIAutomation.a */,
				78B19BAB15B5B5E200D9E96E /* UIAutomationTests.octest */,
				78E452CF15CA8EA700E8F653 /* UIAutomationTestsApp.app */,
			);
			name = Products;
			sourceTree = "<group>";
		};
		78B19B9C15B5B5E200D9E96E /* Frameworks */ = {
			isa = PBXGroup;
			children = (
				78E452E715CA965700E8F653 /* UIKit.framework */,
				78B19B9D15B5B5E200D9E96E /* Foundation.framework */,
				78B19BAC15B5B5E200D9E96E /* SenTestingKit.framework */,
				78E452D315CA8EA700E8F653 /* CoreGraphics.framework */,
			);
			name = Frameworks;
			sourceTree = "<group>";
		};
		78B19B9F15B5B5E200D9E96E /* UIAutomation */ = {
			isa = PBXGroup;
			children = (
				78B19BA215B5B5E200D9E96E /* UIAutomation.h */,
				78B745FC15B97BE7008A5276 /* UIAutomation.m */,
				78B7459E15B96271008A5276 /* NSArray-UIAExtras.h */,
				78B745A115B96271008A5276 /* NSValue-UIAutomation.h */,
				78B745A215B96271008A5276 /* UIAActionSheet.h */,
				78B745A315B96271008A5276 /* UIAActivityIndicator.h */,
				78B745A415B96271008A5276 /* UIAAlert.h */,
				78B745A515B96271008A5276 /* UIAApplication.h */,
				78B745A615B96271008A5276 /* UIAButton.h */,
				78B745A715B96271008A5276 /* UIAEditingMenu.h */,
				78B745A815B96271008A5276 /* UIAElement.h */,
				78B745A915B96271008A5276 /* UIAElementArray.h */,
				78B745AA15B96271008A5276 /* UIAElementNil.h */,
				78B745AB15B96271008A5276 /* UIAHost.h */,
				78B745AC15B96271008A5276 /* UIAImage.h */,
				78B745AD15B96271008A5276 /* UIAKey.h */,
				78B745AE15B96271008A5276 /* UIAKeyboard.h */,
				78B745AF15B96271008A5276 /* UIALink.h */,
				78B745B015B96271008A5276 /* UIANavigationBar.h */,
				78B745B115B96271008A5276 /* UIAPageIndicator.h */,
				78B745B215B96271008A5276 /* UIAPicker.h */,
				78B745B315B96271008A5276 /* UIAPickerWheel.h */,
				78B745B415B96271008A5276 /* UIAPopover.h */,
				78B745B515B96271008A5276 /* UIAProgressIndicator.h */,
				78B745B615B96271008A5276 /* UIARecorder.h */,
				78B745B715B96271008A5276 /* UIARecorderAction.h */,
				78B745B815B96271008A5276 /* UIAScreen.h */,
				78B745B915B96271008A5276 /* UIAScrollView.h */,
				78B745BA15B96271008A5276 /* UIASearchBar.h */,
				78B745BB15B96271008A5276 /* UIASecureTextField.h */,
				78B745BC15B96271008A5276 /* UIASegmentedControl.h */,
				78B745BD15B96271008A5276 /* UIASlider.h */,
				78B745BE15B96271008A5276 /* UIAStaticText.h */,
				78B745BF15B96271008A5276 /* UIAStatusBar.h */,
				78B745C015B96271008A5276 /* UIASwitch.h */,
				78B745C115B96271008A5276 /* UIASyntheticEvents.h */,
				78B745C215B96271008A5276 /* UIATabBar.h */,
				78B745C315B96271008A5276 /* UIATableCell.h */,
				78B745C415B96271008A5276 /* UIATableGroup.h */,
				78B745C515B96271008A5276 /* UIATableView.h */,
				78B745C615B96271008A5276 /* UIATarget.h */,
				78B745C715B96271008A5276 /* UIATextField.h */,
				78B745C815B96271008A5276 /* UIATextView.h */,
				78B745C915B96271008A5276 /* UIAToolbar.h */,
				78B745CA15B96271008A5276 /* UIAWebView.h */,
				78B745CB15B96271008A5276 /* UIAWindow.h */,
				78B745CC15B96271008A5276 /* UIAXElement-Protocol.h */,
				78B745CD15B96271008A5276 /* UIAXElement.h */,
				788F617315D12987009D6B17 /* UIAActivityView.h */,
				788F617415D12987009D6B17 /* UIACollectionCell.h */,
				788F617515D12987009D6B17 /* UIACollectionView.h */,
				788F617615D12987009D6B17 /* UIAElementSynonym.h */,
				788F617715D12988009D6B17 /* UIALocalizedValue.h */,
				788F617815D12988009D6B17 /* UIAMapView.h */,
				788F617915D12988009D6B17 /* UIARemote.h */,
				78B19BA015B5B5E200D9E96E /* Supporting Files */,
			);
			path = UIAutomation;
			sourceTree = "<group>";
		};
		78B19BA015B5B5E200D9E96E /* Supporting Files */ = {
			isa = PBXGroup;
			children = (
				78B7462F15B9B5CF008A5276 /* Versioning.h */,
				78B7463015B9B5CF008A5276 /* Versioning.m */,
				78B19BA115B5B5E200D9E96E /* UIAutomation-Prefix.pch */,
			);
			name = "Supporting Files";
			sourceTree = "<group>";
		};
		78B19BB415B5B5E200D9E96E /* UIAutomationTests */ = {
			isa = PBXGroup;
			children = (
				78B19BBA15B5B5E300D9E96E /* UIAutomationTests.h */,
				78B19BBB15B5B5E300D9E96E /* UIAutomationTests.m */,
				78B19BB515B5B5E200D9E96E /* Supporting Files */,
			);
			path = UIAutomationTests;
			sourceTree = "<group>";
		};
		78B19BB515B5B5E200D9E96E /* Supporting Files */ = {
			isa = PBXGroup;
			children = (
				78B19BB615B5B5E200D9E96E /* UIAutomationTests-Info.plist */,
				78B19BB715B5B5E200D9E96E /* InfoPlist.strings */,
			);
			name = "Supporting Files";
			sourceTree = "<group>";
		};
		78E452D515CA8EA700E8F653 /* UIAutomationTestsApp */ = {
			isa = PBXGroup;
			children = (
				78E452DE15CA8EA700E8F653 /* AppDelegate.h */,
				78E452DF15CA8EA700E8F653 /* AppDelegate.m */,
				78E452D615CA8EA700E8F653 /* Supporting Files */,
			);
			path = UIAutomationTestsApp;
			sourceTree = "<group>";
		};
		78E452D615CA8EA700E8F653 /* Supporting Files */ = {
			isa = PBXGroup;
			children = (
				78E452D715CA8EA700E8F653 /* UIAutomationTestsApp-Info.plist */,
				78E452D815CA8EA700E8F653 /* InfoPlist.strings */,
				78E452DB15CA8EA700E8F653 /* main.m */,
				78E452DD15CA8EA700E8F653 /* UIAutomationTestsApp-Prefix.pch */,
			);
			name = "Supporting Files";
			sourceTree = "<group>";
		};
/* End PBXGroup section */

/* Begin PBXNativeTarget section */
		78B19B9915B5B5E200D9E96E /* UIAutomation */ = {
			isa = PBXNativeTarget;
			buildConfigurationList = 78B19BBF15B5B5E300D9E96E /* Build configuration list for PBXNativeTarget "UIAutomation" */;
			buildPhases = (
				78B19B9615B5B5E200D9E96E /* Sources */,
				78B19B9715B5B5E200D9E96E /* Frameworks */,
				78B19B9815B5B5E200D9E96E /* CopyFiles */,
			);
			buildRules = (
			);
			dependencies = (
			);
			name = UIAutomation;
			productName = UIAutomation;
			productReference = 78B19B9A15B5B5E200D9E96E /* libUIAutomation.a */;
			productType = "com.apple.product-type.library.static";
		};
		78B19BAA15B5B5E200D9E96E /* UIAutomationTests */ = {
			isa = PBXNativeTarget;
			buildConfigurationList = 78B19BC215B5B5E300D9E96E /* Build configuration list for PBXNativeTarget "UIAutomationTests" */;
			buildPhases = (
				78B19BA615B5B5E200D9E96E /* Sources */,
				78B19BA715B5B5E200D9E96E /* Frameworks */,
				78B19BA815B5B5E200D9E96E /* Resources */,
				78B19BA915B5B5E200D9E96E /* ShellScript */,
			);
			buildRules = (
			);
			dependencies = (
				78E452E615CA8FA700E8F653 /* PBXTargetDependency */,
				78B19BB215B5B5E200D9E96E /* PBXTargetDependency */,
			);
			name = UIAutomationTests;
			productName = UIAutomationTests;
			productReference = 78B19BAB15B5B5E200D9E96E /* UIAutomationTests.octest */;
			productType = "com.apple.product-type.bundle";
		};
		78E452CE15CA8EA700E8F653 /* UIAutomationTestsApp */ = {
			isa = PBXNativeTarget;
			buildConfigurationList = 78E452E315CA8EA700E8F653 /* Build configuration list for PBXNativeTarget "UIAutomationTestsApp" */;
			buildPhases = (
				78E452CB15CA8EA700E8F653 /* Sources */,
				78E452CC15CA8EA700E8F653 /* Frameworks */,
				78E452CD15CA8EA700E8F653 /* Resources */,
			);
			buildRules = (
			);
			dependencies = (
			);
			name = UIAutomationTestsApp;
			productName = UIAutomationTestsApp;
			productReference = 78E452CF15CA8EA700E8F653 /* UIAutomationTestsApp.app */;
			productType = "com.apple.product-type.application";
		};
/* End PBXNativeTarget section */

/* Begin PBXProject section */
		78B19B9115B5B5E200D9E96E /* Project object */ = {
			isa = PBXProject;
			attributes = {
				LastUpgradeCheck = 0440;
				ORGANIZATIONNAME = "Pioneering Software";
			};
			buildConfigurationList = 78B19B9415B5B5E200D9E96E /* Build configuration list for PBXProject "UIAutomation" */;
			compatibilityVersion = "Xcode 3.2";
			developmentRegion = English;
			hasScannedForEncodings = 0;
			knownRegions = (
				en,
			);
			mainGroup = 78B19B8F15B5B5E200D9E96E;
			productRefGroup = 78B19B9B15B5B5E200D9E96E /* Products */;
			projectDirPath = "";
			projectRoot = "";
			targets = (
				78B19B9915B5B5E200D9E96E /* UIAutomation */,
				78B19BAA15B5B5E200D9E96E /* UIAutomationTests */,
				78E452CE15CA8EA700E8F653 /* UIAutomationTestsApp */,
			);
		};
/* End PBXProject section */

/* Begin PBXResourcesBuildPhase section */
		78B19BA815B5B5E200D9E96E /* Resources */ = {
			isa = PBXResourcesBuildPhase;
			buildActionMask = 2147483647;
			files = (
				78B19BB915B5B5E200D9E96E /* InfoPlist.strings in Resources */,
			);
			runOnlyForDeploymentPostprocessing = 0;
		};
		78E452CD15CA8EA700E8F653 /* Resources */ = {
			isa = PBXResourcesBuildPhase;
			buildActionMask = 2147483647;
			files = (
				78E452DA15CA8EA700E8F653 /* InfoPlist.strings in Resources */,
			);
			runOnlyForDeploymentPostprocessing = 0;
		};
/* End PBXResourcesBuildPhase section */

/* Begin PBXShellScriptBuildPhase section */
		78B19BA915B5B5E200D9E96E /* ShellScript */ = {
			isa = PBXShellScriptBuildPhase;
			buildActionMask = 2147483647;
			files = (
			);
			inputPaths = (
			);
			outputPaths = (
			);
			runOnlyForDeploymentPostprocessing = 0;
			shellPath = /bin/sh;
			shellScript = "# Run the unit tests in this test bundle.\n\"${SYSTEM_DEVELOPER_DIR}/Tools/RunUnitTests\"\n";
		};
/* End PBXShellScriptBuildPhase section */

/* Begin PBXSourcesBuildPhase section */
		78B19B9615B5B5E200D9E96E /* Sources */ = {
			isa = PBXSourcesBuildPhase;
			buildActionMask = 2147483647;
			files = (
				78B745FD15B97BE8008A5276 /* UIAutomation.m in Sources */,
				78B7463115B9B5CF008A5276 /* Versioning.m in Sources */,
			);
			runOnlyForDeploymentPostprocessing = 0;
		};
		78B19BA615B5B5E200D9E96E /* Sources */ = {
			isa = PBXSourcesBuildPhase;
			buildActionMask = 2147483647;
			files = (
				78B19BBC15B5B5E300D9E96E /* UIAutomationTests.m in Sources */,
			);
			runOnlyForDeploymentPostprocessing = 0;
		};
		78E452CB15CA8EA700E8F653 /* Sources */ = {
			isa = PBXSourcesBuildPhase;
			buildActionMask = 2147483647;
			files = (
				78E452DC15CA8EA700E8F653 /* main.m in Sources */,
				78E452E015CA8EA700E8F653 /* AppDelegate.m in Sources */,
			);
			runOnlyForDeploymentPostprocessing = 0;
		};
/* End PBXSourcesBuildPhase section */

/* Begin PBXTargetDependency section */
		78B19BB215B5B5E200D9E96E /* PBXTargetDependency */ = {
			isa = PBXTargetDependency;
			target = 78B19B9915B5B5E200D9E96E /* UIAutomation */;
			targetProxy = 78B19BB115B5B5E200D9E96E /* PBXContainerItemProxy */;
		};
		78E452E615CA8FA700E8F653 /* PBXTargetDependency */ = {
			isa = PBXTargetDependency;
			target = 78E452CE15CA8EA700E8F653 /* UIAutomationTestsApp */;
			targetProxy = 78E452E515CA8FA700E8F653 /* PBXContainerItemProxy */;
		};
/* End PBXTargetDependency section */

/* Begin PBXVariantGroup section */
		78B19BB715B5B5E200D9E96E /* InfoPlist.strings */ = {
			isa = PBXVariantGroup;
			children = (
				78B19BB815B5B5E200D9E96E /* en */,
			);
			name = InfoPlist.strings;
			sourceTree = "<group>";
		};
		78E452D815CA8EA700E8F653 /* InfoPlist.strings */ = {
			isa = PBXVariantGroup;
			children = (
				78E452D915CA8EA700E8F653 /* en */,
			);
			name = InfoPlist.strings;
			sourceTree = "<group>";
		};
/* End PBXVariantGroup section */

/* Begin XCBuildConfiguration section */
		78B19BBD15B5B5E300D9E96E /* Debug */ = {
			isa = XCBuildConfiguration;
			buildSettings = {
				ALWAYS_SEARCH_USER_PATHS = NO;
				ARCHS = "$(ARCHS_STANDARD_32_BIT)";
				CLANG_CXX_LANGUAGE_STANDARD = "gnu++0x";
				CLANG_ENABLE_OBJC_ARC = YES;
				CLANG_WARN__DUPLICATE_METHOD_MATCH = YES;
				COPY_PHASE_STRIP = NO;
				CURRENT_PROJECT_VERSION = 8.3;
				GCC_C_LANGUAGE_STANDARD = gnu99;
				GCC_DYNAMIC_NO_PIC = NO;
				GCC_OPTIMIZATION_LEVEL = 0;
				GCC_PREPROCESSOR_DEFINITIONS = (
					"DEBUG=1",
					"$(inherited)",
				);
				GCC_SYMBOLS_PRIVATE_EXTERN = NO;
				GCC_VERSION = com.apple.compilers.llvm.clang.1_0;
				GCC_WARN_ABOUT_RETURN_TYPE = YES;
				GCC_WARN_UNINITIALIZED_AUTOS = YES;
				GCC_WARN_UNUSED_VARIABLE = YES;
				IPHONEOS_DEPLOYMENT_TARGET = 5.1;
				SDKROOT = iphoneos;
				VERSIONING_SYSTEM = "apple-generic";
				VERSION_INFO_PREFIX = k;
			};
			name = Debug;
		};
		78B19BBE15B5B5E300D9E96E /* Release */ = {
			isa = XCBuildConfiguration;
			buildSettings = {
				ALWAYS_SEARCH_USER_PATHS = NO;
				ARCHS = "$(ARCHS_STANDARD_32_BIT)";
				CLANG_CXX_LANGUAGE_STANDARD = "gnu++0x";
				CLANG_ENABLE_OBJC_ARC = YES;
				CLANG_WARN__DUPLICATE_METHOD_MATCH = YES;
				COPY_PHASE_STRIP = YES;
				CURRENT_PROJECT_VERSION = 8.3;
				GCC_C_LANGUAGE_STANDARD = gnu99;
				GCC_VERSION = com.apple.compilers.llvm.clang.1_0;
				GCC_WARN_ABOUT_RETURN_TYPE = YES;
				GCC_WARN_UNINITIALIZED_AUTOS = YES;
				GCC_WARN_UNUSED_VARIABLE = YES;
				IPHONEOS_DEPLOYMENT_TARGET = 5.1;
				SDKROOT = iphoneos;
				VALIDATE_PRODUCT = YES;
				VERSIONING_SYSTEM = "apple-generic";
				VERSION_INFO_PREFIX = k;
			};
			name = Release;
		};
		78B19BC015B5B5E300D9E96E /* Debug */ = {
			isa = XCBuildConfiguration;
			buildSettings = {
				DSTROOT = /tmp/UIAutomation.dst;
				GCC_PRECOMPILE_PREFIX_HEADER = YES;
				GCC_PREFIX_HEADER = "UIAutomation/UIAutomation-Prefix.pch";
				OTHER_LDFLAGS = "-ObjC";
				PRODUCT_NAME = "$(TARGET_NAME)";
				SKIP_INSTALL = YES;
			};
			name = Debug;
		};
		78B19BC115B5B5E300D9E96E /* Release */ = {
			isa = XCBuildConfiguration;
			buildSettings = {
				DSTROOT = /tmp/UIAutomation.dst;
				GCC_PRECOMPILE_PREFIX_HEADER = YES;
				GCC_PREFIX_HEADER = "UIAutomation/UIAutomation-Prefix.pch";
				OTHER_LDFLAGS = "-ObjC";
				PRODUCT_NAME = "$(TARGET_NAME)";
				SKIP_INSTALL = YES;
			};
			name = Release;
		};
		78B19BC315B5B5E300D9E96E /* Debug */ = {
			isa = XCBuildConfiguration;
			buildSettings = {
				BUNDLE_LOADER = "$(BUILT_PRODUCTS_DIR)/UIAutomationTestsApp.app/UIAutomationTestsApp";
				FRAMEWORK_SEARCH_PATHS = (
					"\"$(SDKROOT)/Developer/Library/Frameworks\"",
					"\"$(DEVELOPER_LIBRARY_DIR)/Frameworks\"",
				);
				GCC_PRECOMPILE_PREFIX_HEADER = YES;
				GCC_PREFIX_HEADER = "UIAutomation/UIAutomation-Prefix.pch";
				INFOPLIST_FILE = "UIAutomationTests/UIAutomationTests-Info.plist";
				OTHER_LDFLAGS = "-all_load";
				PRODUCT_NAME = "$(TARGET_NAME)";
				TEST_HOST = "$(BUNDLE_LOADER)";
				WRAPPER_EXTENSION = octest;
			};
			name = Debug;
		};
		78B19BC415B5B5E300D9E96E /* Release */ = {
			isa = XCBuildConfiguration;
			buildSettings = {
				BUNDLE_LOADER = "$(BUILT_PRODUCTS_DIR)/UIAutomationTestsApp.app/UIAutomationTestsApp";
				FRAMEWORK_SEARCH_PATHS = (
					"\"$(SDKROOT)/Developer/Library/Frameworks\"",
					"\"$(DEVELOPER_LIBRARY_DIR)/Frameworks\"",
				);
				GCC_PRECOMPILE_PREFIX_HEADER = YES;
				GCC_PREFIX_HEADER = "UIAutomation/UIAutomation-Prefix.pch";
				INFOPLIST_FILE = "UIAutomationTests/UIAutomationTests-Info.plist";
				OTHER_LDFLAGS = "-all_load";
				PRODUCT_NAME = "$(TARGET_NAME)";
				TEST_HOST = "$(BUNDLE_LOADER)";
				WRAPPER_EXTENSION = octest;
			};
			name = Release;
		};
		78E452E115CA8EA700E8F653 /* Debug */ = {
			isa = XCBuildConfiguration;
			buildSettings = {
				CLANG_CXX_LIBRARY = "libc++";
				"CODE_SIGN_IDENTITY[sdk=iphoneos*]" = "iPhone Developer";
				FRAMEWORK_SEARCH_PATHS = (
					"$(inherited)",
					"\"$(SYSTEM_APPS_DIR)/Xcode45-DP3.app/Contents/Developer/Library/Frameworks\"",
				);
				GCC_PRECOMPILE_PREFIX_HEADER = YES;
				GCC_PREFIX_HEADER = "UIAutomationTestsApp/UIAutomationTestsApp-Prefix.pch";
				INFOPLIST_FILE = "UIAutomationTestsApp/UIAutomationTestsApp-Info.plist";
				IPHONEOS_DEPLOYMENT_TARGET = 6.0;
				PRODUCT_NAME = "$(TARGET_NAME)";
				TARGETED_DEVICE_FAMILY = "1,2";
				WRAPPER_EXTENSION = app;
			};
			name = Debug;
		};
		78E452E215CA8EA700E8F653 /* Release */ = {
			isa = XCBuildConfiguration;
			buildSettings = {
				CLANG_CXX_LIBRARY = "libc++";
				"CODE_SIGN_IDENTITY[sdk=iphoneos*]" = "iPhone Developer";
				FRAMEWORK_SEARCH_PATHS = (
					"$(inherited)",
					"\"$(SYSTEM_APPS_DIR)/Xcode45-DP3.app/Contents/Developer/Library/Frameworks\"",
				);
				GCC_PRECOMPILE_PREFIX_HEADER = YES;
				GCC_PREFIX_HEADER = "UIAutomationTestsApp/UIAutomationTestsApp-Prefix.pch";
				INFOPLIST_FILE = "UIAutomationTestsApp/UIAutomationTestsApp-Info.plist";
				IPHONEOS_DEPLOYMENT_TARGET = 6.0;
				OTHER_CFLAGS = "-DNS_BLOCK_ASSERTIONS=1";
				PRODUCT_NAME = "$(TARGET_NAME)";
				TARGETED_DEVICE_FAMILY = "1,2";
				WRAPPER_EXTENSION = app;
			};
			name = Release;
		};
/* End XCBuildConfiguration section */

/* Begin XCConfigurationList section */
		78B19B9415B5B5E200D9E96E /* Build configuration list for PBXProject "UIAutomation" */ = {
			isa = XCConfigurationList;
			buildConfigurations = (
				78B19BBD15B5B5E300D9E96E /* Debug */,
				78B19BBE15B5B5E300D9E96E /* Release */,
			);
			defaultConfigurationIsVisible = 0;
			defaultConfigurationName = Release;
		};
		78B19BBF15B5B5E300D9E96E /* Build configuration list for PBXNativeTarget "UIAutomation" */ = {
			isa = XCConfigurationList;
			buildConfigurations = (
				78B19BC015B5B5E300D9E96E /* Debug */,
				78B19BC115B5B5E300D9E96E /* Release */,
			);
			defaultConfigurationIsVisible = 0;
			defaultConfigurationName = Release;
		};
		78B19BC215B5B5E300D9E96E /* Build configuration list for PBXNativeTarget "UIAutomationTests" */ = {
			isa = XCConfigurationList;
			buildConfigurations = (
				78B19BC315B5B5E300D9E96E /* Debug */,
				78B19BC415B5B5E300D9E96E /* Release */,
			);
			defaultConfigurationIsVisible = 0;
			defaultConfigurationName = Release;
		};
		78E452E315CA8EA700E8F653 /* Build configuration list for PBXNativeTarget "UIAutomationTestsApp" */ = {
			isa = XCConfigurationList;
			buildConfigurations = (
				78E452E115CA8EA700E8F653 /* Debug */,
				78E452E215CA8EA700E8F653 /* Release */,
			);
			defaultConfigurationIsVisible = 0;
			defaultConfigurationName = Release;
		};
/* End XCConfigurationList section */
	};
	rootObject = 78B19B9115B5B5E200D9E96E /* Project object */;
}
